
Microsoft Visual Studio Solution File, Format Version 12.00
EndProject
Project("{FAE04EC0-301F-11D3-BF4B-00C04F79EFBC}") = "mytriplist.WebApi", "mytriplist.WebApi\mytriplist.WebApi.csproj", "{EF335805-2B17-4979-ABCA-347A84A77FE0}"
EndProject
Global
	GlobalSection(SolutionConfigurationPlatforms) = preSolution
		Debug|Any CPU = Debug|Any CPU
		Release|Any CPU = Release|Any CPU
	EndGlobalSection
	GlobalSection(ProjectConfigurationPlatforms) = postSolution
		{EF335805-2B17-4979-ABCA-347A84A77FE0}.Debug|Any CPU.ActiveCfg = Debug|Any CPU
		{EF335805-2B17-4979-ABCA-347A84A77FE0}.Debug|Any CPU.Build.0 = Debug|Any CPU
		{EF335805-2B17-4979-ABCA-347A84A77FE0}.Release|Any CPU.ActiveCfg = Release|Any CPU
		{EF335805-2B17-4979-ABCA-347A84A77FE0}.Release|Any CPU.Build.0 = Release|Any CPU
	EndGlobalSection
EndGlobal
